
Microsoft Visual Studio Solution File, Format Version 12.00
# Visual Studio Version 17
VisualStudioVersion = 17.5.002.0
MinimumVisualStudioVersion = 10.0.40219.1
Project("{9A19103F-16F7-4668-BE54-9A1E7A4F7556}") = "HoneyRaesAPI", "HoneyRaesAPI.csproj", "{87E7F395-5377-464A-AA46-C41BC1B4763E}"
EndProject
Global
	GlobalSection(SolutionConfigurationPlatforms) = preSolution
		Debug|Any CPU = Debug|Any CPU
		Release|Any CPU = Release|Any CPU
	EndGlobalSection
	GlobalSection(ProjectConfigurationPlatforms) = postSolution
		{87E7F395-5377-464A-AA46-C41BC1B4763E}.Debug|Any CPU.ActiveCfg = Debug|Any CPU
		{87E7F395-5377-464A-AA46-C41BC1B4763E}.Debug|Any CPU.Build.0 = Debug|Any CPU
		{87E7F395-5377-464A-AA46-C41BC1B4763E}.Release|Any CPU.ActiveCfg = Release|Any CPU
		{87E7F395-5377-464A-AA46-C41BC1B4763E}.Release|Any CPU.Build.0 = Release|Any CPU
	EndGlobalSection
	GlobalSection(SolutionProperties) = preSolution
		HideSolutionNode = FALSE
	EndGlobalSection
	GlobalSection(ExtensibilityGlobals) = postSolution
		SolutionGuid = {FFF18FFB-86BC-426A-9E5D-383E59315E8A}
	EndGlobalSection
EndGlobal
